{
  "name": "@balenalabs/audio-primitive",
  "version": "1.0.0",
  "lockfileVersion": 1,
  "requires": true,
  "dependencies": {
    "@tmigone/pulseaudio": {
      "version": "0.1.1",
      "resolved": "https://registry.npmjs.org/@tmigone/pulseaudio/-/pulseaudio-0.1.1.tgz",
      "integrity": "sha512-aU8cAAQ1PVzsSvjnTmJU61UFLwdcEfkhOZSPl4No63NkgXNL4gMZs4CjkAH0jjoiaYy0naRkJfJixcsaJTfAMw=="
    },
    "@types/node": {
      "version": "14.0.14",
      "resolved": "https://registry.npmjs.org/@types/node/-/node-14.0.14.tgz",
      "integrity": "sha512-syUgf67ZQpaJj01/tRTknkMNoBBLWJOBODF0Zm4NrXmiSuxjymFrxnTu1QVYRubhVkRcZLYZG8STTwJRdVm/WQ=="
    }
  }
}
